
Microsoft Visual Studio Solution File, Format Version 11.00
# Visual Studio 2010
Project("{FAE04EC0-301F-11D3-BF4B-00C04F79EFBC}") = "Assembly-CSharp-firstpass", "Assembly-CSharp-firstpass.csproj", "{F1D73D49-3243-2DCA-FC40-D3DF11B22397}"
EndProject
Project("{FAE04EC0-301F-11D3-BF4B-00C04F79EFBC}") = "Assembly-CSharp", "Assembly-CSharp.csproj", "{8A1C237F-22C0-2EA6-A919-C2DF61373D82}"
EndProject
Global
	GlobalSection(SolutionConfigurationPlatforms) = preSolution
		Debug|Any CPU = Debug|Any CPU
		Release|Any CPU = Release|Any CPU
	EndGlobalSection
	GlobalSection(ProjectConfigurationPlatforms) = postSolution
		{F1D73D49-3243-2DCA-FC40-D3DF11B22397}.Debug|Any CPU.ActiveCfg = Debug|Any CPU
		{F1D73D49-3243-2DCA-FC40-D3DF11B22397}.Debug|Any CPU.Build.0 = Debug|Any CPU
		{F1D73D49-3243-2DCA-FC40-D3DF11B22397}.Release|Any CPU.ActiveCfg = Release|Any CPU
		{F1D73D49-3243-2DCA-FC40-D3DF11B22397}.Release|Any CPU.Build.0 = Release|Any CPU
		{8A1C237F-22C0-2EA6-A919-C2DF61373D82}.Debug|Any CPU.ActiveCfg = Debug|Any CPU
		{8A1C237F-22C0-2EA6-A919-C2DF61373D82}.Debug|Any CPU.Build.0 = Debug|Any CPU
		{8A1C237F-22C0-2EA6-A919-C2DF61373D82}.Release|Any CPU.ActiveCfg = Release|Any CPU
		{8A1C237F-22C0-2EA6-A919-C2DF61373D82}.Release|Any CPU.Build.0 = Release|Any CPU
	EndGlobalSection
	GlobalSection(SolutionProperties) = preSolution
		HideSolutionNode = FALSE
	EndGlobalSection
	GlobalSection(MonoDevelopProperties) = preSolution
		StartupItem = Assembly-CSharp.csproj
	EndGlobalSection
EndGlobal
